PODS:
  - ReactNative-Binary (0.69.1.1):
    - ReactNative-Binary/main (= 0.69.1.1)
  - ReactNative-Binary-Debug (0.69.1.1):
    - ReactNative-Binary-Debug/main (= 0.69.1.1)
  - ReactNative-Binary-Debug/main (0.69.1.1)
  - ReactNative-Binary/main (0.69.1.1)

DEPENDENCIES:
  - ReactNative-Binary
  - ReactNative-Binary-Debug

SPEC REPOS:
  trunk:
    - ReactNative-Binary
    - ReactNative-Binary-Debug

SPEC CHECKSUMS:
  ReactNative-Binary: 4a5d8f538d4efd46b91860f055309d6acac0524b
  ReactNative-Binary-Debug: 225686d55bcd1d0061eef6f9b58e63cb3d68f19a

PODFILE CHECKSUM: 8a1627f919f11c12116ac21ee55b335cfe618904

COCOAPODS: 1.11.3
